// !$*UTF8*$!
{
	archiveVersion = 1;
	classes = {
	};
	objectVersion = 48;
	objects = {

/* Begin PBXBuildFile section */
		B8B861BC20627AF900233383 /* AppDelegate.swift in Sources */ = {isa = PBXBuildFile; fileRef = B8B861BB20627AF900233383 /* AppDelegate.swift */; };
		B8B861BE20627AF900233383 /* ViewController.swift in Sources */ = {isa = PBXBuildFile; fileRef = B8B861BD20627AF900233383 /* ViewController.swift */; };
		B8B861C420627AF900233383 /* SimpleLoader.xcdatamodeld in Sources */ = {isa = PBXBuildFile; fileRef = B8B861C220627AF900233383 /* SimpleLoader.xcdatamodeld */; };
		B8B861C620627AF900233383 /* Assets.xcassets in Resources */ = {isa = PBXBuildFile; fileRef = B8B861C520627AF900233383 /* Assets.xcassets */; };
		B8B861C920627AF900233383 /* LaunchScreen.storyboard in Resources */ = {isa = PBXBuildFile; fileRef = B8B861C720627AF900233383 /* LaunchScreen.storyboard */; };
		B8B861D420627AF900233383 /* SimpleLoaderTests.swift in Sources */ = {isa = PBXBuildFile; fileRef = B8B861D320627AF900233383 /* SimpleLoaderTests.swift */; };
		B8B861DF20627AF900233383 /* SimpleLoaderUITests.swift in Sources */ = {isa = PBXBuildFile; fileRef = B8B861DE20627AF900233383 /* SimpleLoaderUITests.swift */; };
		B8B861ED20627B1900233383 /* UILoader.swift in Sources */ = {isa = PBXBuildFile; fileRef = B8B861EC20627B1900233383 /* UILoader.swift */; };
/* End PBXBuildFile section */

/* Begin PBXContainerItemProxy section */
		B8B861D020627AF900233383 /* PBXContainerItemProxy */ = {
			isa = PBXContainerItemProxy;
			containerPortal = B8B861B020627AF900233383 /* Project object */;
			proxyType = 1;
			remoteGlobalIDString = B8B861B720627AF900233383;
			remoteInfo = SimpleLoader;
		};
		B8B861DB20627AF900233383 /* PBXContainerItemProxy */ = {
			isa = PBXContainerItemProxy;
			containerPortal = B8B861B020627AF900233383 /* Project object */;
			proxyType = 1;
			remoteGlobalIDString = B8B861B720627AF900233383;
			remoteInfo = SimpleLoader;
		};
/* End PBXContainerItemProxy section */

/* Begin PBXFileReference section */
		B8B861B820627AF900233383 /* SimpleLoader.app */ = {isa = PBXFileReference; explicitFileType = wrapper.application; includeInIndex = 0; path = SimpleLoader.app; sourceTree = BUILT_PRODUCTS_DIR; };
		B8B861BB20627AF900233383 /* AppDelegate.swift */ = {isa = PBXFileReference; lastKnownFileType = sourcecode.swift; path = AppDelegate.swift; sourceTree = "<group>"; };
		B8B861BD20627AF900233383 /* ViewController.swift */ = {isa = PBXFileReference; lastKnownFileType = sourcecode.swift; path = ViewController.swift; sourceTree = "<group>"; };
		B8B861C320627AF900233383 /* SimpleLoader.xcdatamodel */ = {isa = PBXFileReference; lastKnownFileType = wrapper.xcdatamodel; path = SimpleLoader.xcdatamodel; sourceTree = "<group>"; };
		B8B861C520627AF900233383 /* Assets.xcassets */ = {isa = PBXFileReference; lastKnownFileType = folder.assetcatalog; path = Assets.xcassets; sourceTree = "<group>"; };
		B8B861C820627AF900233383 /* Base */ = {isa = PBXFileReference; lastKnownFileType = file.storyboard; name = Base; path = Base.lproj/LaunchScreen.storyboard; sourceTree = "<group>"; };
		B8B861CA20627AF900233383 /* Info.plist */ = {isa = PBXFileReference; lastKnownFileType = text.plist.xml; path = Info.plist; sourceTree = "<group>"; };
		B8B861CF20627AF900233383 /* SimpleLoaderTests.xctest */ = {isa = PBXFileReference; explicitFileType = wrapper.cfbundle; includeInIndex = 0; path = SimpleLoaderTests.xctest; sourceTree = BUILT_PRODUCTS_DIR; };
		B8B861D320627AF900233383 /* SimpleLoaderTests.swift */ = {isa = PBXFileReference; lastKnownFileType = sourcecode.swift; path = SimpleLoaderTests.swift; sourceTree = "<group>"; };
		B8B861D520627AF900233383 /* Info.plist */ = {isa = PBXFileReference; lastKnownFileType = text.plist.xml; path = Info.plist; sourceTree = "<group>"; };
		B8B861DA20627AF900233383 /* SimpleLoaderUITests.xctest */ = {isa = PBXFileReference; explicitFileType = wrapper.cfbundle; includeInIndex = 0; path = SimpleLoaderUITests.xctest; sourceTree = BUILT_PRODUCTS_DIR; };
		B8B861DE20627AF900233383 /* SimpleLoaderUITests.swift */ = {isa = PBXFileReference; lastKnownFileType = sourcecode.swift; path = SimpleLoaderUITests.swift; sourceTree = "<group>"; };
		B8B861E020627AF900233383 /* Info.plist */ = {isa = PBXFileReference; lastKnownFileType = text.plist.xml; path = Info.plist; sourceTree = "<group>"; };
		B8B861EC20627B1900233383 /* UILoader.swift */ = {isa = PBXFileReference; fileEncoding = 4; lastKnownFileType = sourcecode.swift; path = UILoader.swift; sourceTree = "<group>"; };
/* End PBXFileReference section */

/* Begin PBXFrameworksBuildPhase section */
		B8B861B520627AF900233383 /* Frameworks */ = {
			isa = PBXFrameworksBuildPhase;
			buildActionMask = 2147483647;
			files = (
			);
			runOnlyForDeploymentPostprocessing = 0;
		};
		B8B861CC20627AF900233383 /* Frameworks */ = {
			isa = PBXFrameworksBuildPhase;
			buildActionMask = 2147483647;
			files = (
			);
			runOnlyForDeploymentPostprocessing = 0;
		};
		B8B861D720627AF900233383 /* Frameworks */ = {
			isa = PBXFrameworksBuildPhase;
			buildActionMask = 2147483647;
			files = (
			);
			runOnlyForDeploymentPostprocessing = 0;
		};
/* End PBXFrameworksBuildPhase section */

/* Begin PBXGroup section */
		B8B861AF20627AF900233383 = {
			isa = PBXGroup;
			children = (
				B8B861BA20627AF900233383 /* SimpleLoader */,
				B8B861D220627AF900233383 /* SimpleLoaderTests */,
				B8B861DD20627AF900233383 /* SimpleLoaderUITests */,
				B8B861B920627AF900233383 /* Products */,
			);
			sourceTree = "<group>";
		};
		B8B861B920627AF900233383 /* Products */ = {
			isa = PBXGroup;
			children = (
				B8B861B820627AF900233383 /* SimpleLoader.app */,
				B8B861CF20627AF900233383 /* SimpleLoaderTests.xctest */,
				B8B861DA20627AF900233383 /* SimpleLoaderUITests.xctest */,
			);
			name = Products;
			sourceTree = "<group>";
		};
		B8B861BA20627AF900233383 /* SimpleLoader */ = {
			isa = PBXGroup;
			children = (
				B8B861EC20627B1900233383 /* UILoader.swift */,
				B8B861BB20627AF900233383 /* AppDelegate.swift */,
				B8B861BD20627AF900233383 /* ViewController.swift */,
				B8B861C520627AF900233383 /* Assets.xcassets */,
				B8B861C720627AF900233383 /* LaunchScreen.storyboard */,
				B8B861CA20627AF900233383 /* Info.plist */,
				B8B861C220627AF900233383 /* SimpleLoader.xcdatamodeld */,
			);
			path = SimpleLoader;
			sourceTree = "<group>";
		};
		B8B861D220627AF900233383 /* SimpleLoaderTests */ = {
			isa = PBXGroup;
			children = (
				B8B861D320627AF900233383 /* SimpleLoaderTests.swift */,
				B8B861D520627AF900233383 /* Info.plist */,
			);
			path = SimpleLoaderTests;
			sourceTree = "<group>";
		};
		B8B861DD20627AF900233383 /* SimpleLoaderUITests */ = {
			isa = PBXGroup;
			children = (
				B8B861DE20627AF900233383 /* SimpleLoaderUITests.swift */,
				B8B861E020627AF900233383 /* Info.plist */,
			);
			path = SimpleLoaderUITests;
			sourceTree = "<group>";
		};
/* End PBXGroup section */

/* Begin PBXNativeTarget section */
		B8B861B720627AF900233383 /* SimpleLoader */ = {
			isa = PBXNativeTarget;
			buildConfigurationList = B8B861E320627AF900233383 /* Build configuration list for PBXNativeTarget "SimpleLoader" */;
			buildPhases = (
				B8B861B420627AF900233383 /* Sources */,
				B8B861B520627AF900233383 /* Frameworks */,
				B8B861B620627AF900233383 /* Resources */,
			);
			buildRules = (
			);
			dependencies = (
			);
			name = SimpleLoader;
			productName = SimpleLoader;
			productReference = B8B861B820627AF900233383 /* SimpleLoader.app */;
			productType = "com.apple.product-type.application";
		};
		B8B861CE20627AF900233383 /* SimpleLoaderTests */ = {
			isa = PBXNativeTarget;
			buildConfigurationList = B8B861E620627AF900233383 /* Build configuration list for PBXNativeTarget "SimpleLoaderTests" */;
			buildPhases = (
				B8B861CB20627AF900233383 /* Sources */,
				B8B861CC20627AF900233383 /* Frameworks */,
				B8B861CD20627AF900233383 /* Resources */,
			);
			buildRules = (
			);
			dependencies = (
				B8B861D120627AF900233383 /* PBXTargetDependency */,
			);
			name = SimpleLoaderTests;
			productName = SimpleLoaderTests;
			productReference = B8B861CF20627AF900233383 /* SimpleLoaderTests.xctest */;
			productType = "com.apple.product-type.bundle.unit-test";
		};
		B8B861D920627AF900233383 /* SimpleLoaderUITests */ = {
			isa = PBXNativeTarget;
			buildConfigurationList = B8B861E920627AF900233383 /* Build configuration list for PBXNativeTarget "SimpleLoaderUITests" */;
			buildPhases = (
				B8B861D620627AF900233383 /* Sources */,
				B8B861D720627AF900233383 /* Frameworks */,
				B8B861D820627AF900233383 /* Resources */,
			);
			buildRules = (
			);
			dependencies = (
				B8B861DC20627AF900233383 /* PBXTargetDependency */,
			);
			name = SimpleLoaderUITests;
			productName = SimpleLoaderUITests;
			productReference = B8B861DA20627AF900233383 /* SimpleLoaderUITests.xctest */;
			productType = "com.apple.product-type.bundle.ui-testing";
		};
/* End PBXNativeTarget section */

/* Begin PBXProject section */
		B8B861B020627AF900233383 /* Project object */ = {
			isa = PBXProject;
			attributes = {
				LastSwiftUpdateCheck = 0920;
				LastUpgradeCheck = 0920;
				ORGANIZATIONNAME = "Jayanta Gogoi";
				TargetAttributes = {
					B8B861B720627AF900233383 = {
						CreatedOnToolsVersion = 9.2;
						ProvisioningStyle = Automatic;
					};
					B8B861CE20627AF900233383 = {
						CreatedOnToolsVersion = 9.2;
						ProvisioningStyle = Automatic;
						TestTargetID = B8B861B720627AF900233383;
					};
					B8B861D920627AF900233383 = {
						CreatedOnToolsVersion = 9.2;
						ProvisioningStyle = Automatic;
						TestTargetID = B8B861B720627AF900233383;
					};
				};
			};
			buildConfigurationList = B8B861B320627AF900233383 /* Build configuration list for PBXProject "SimpleLoader" */;
			compatibilityVersion = "Xcode 8.0";
			developmentRegion = en;
			hasScannedForEncodings = 0;
			knownRegions = (
				en,
				Base,
			);
			mainGroup = B8B861AF20627AF900233383;
			productRefGroup = B8B861B920627AF900233383 /* Products */;
			projectDirPath = "";
			projectRoot = "";
			targets = (
				B8B861B720627AF900233383 /* SimpleLoader */,
				B8B861CE20627AF900233383 /* SimpleLoaderTests */,
				B8B861D920627AF900233383 /* SimpleLoaderUITests */,
			);
		};
/* End PBXProject section */

/* Begin PBXResourcesBuildPhase section */
		B8B861B620627AF900233383 /* Resources */ = {
			isa = PBXResourcesBuildPhase;
			buildActionMask = 2147483647;
			files = (
				B8B861C920627AF900233383 /* LaunchScreen.storyboard in Resources */,
				B8B861C620627AF900233383 /* Assets.xcassets in Resources */,
			);
			runOnlyForDeploymentPostprocessing = 0;
		};
		B8B861CD20627AF900233383 /* Resources */ = {
			isa = PBXResourcesBuildPhase;
			buildActionMask = 2147483647;
			files = (
			);
			runOnlyForDeploymentPostprocessing = 0;
		};
		B8B861D820627AF900233383 /* Resources */ = {
			isa = PBXResourcesBuildPhase;
			buildActionMask = 2147483647;
			files = (
			);
			runOnlyForDeploymentPostprocessing = 0;
		};
/* End PBXResourcesBuildPhase section */

/* Begin PBXSourcesBuildPhase section */
		B8B861B420627AF900233383 /* Sources */ = {
			isa = PBXSourcesBuildPhase;
			buildActionMask = 2147483647;
			files = (
				B8B861C420627AF900233383 /* SimpleLoader.xcdatamodeld in Sources */,
				B8B861BE20627AF900233383 /* ViewController.swift in Sources */,
				B8B861ED20627B1900233383 /* UILoader.swift in Sources */,
				B8B861BC20627AF900233383 /* AppDelegate.swift in Sources */,
			);
			runOnlyForDeploymentPostprocessing = 0;
		};
		B8B861CB20627AF900233383 /* Sources */ = {
			isa = PBXSourcesBuildPhase;
			buildActionMask = 2147483647;
			files = (
				B8B861D420627AF900233383 /* SimpleLoaderTests.swift in Sources */,
			);
			runOnlyForDeploymentPostprocessing = 0;
		};
		B8B861D620627AF900233383 /* Sources */ = {
			isa = PBXSourcesBuildPhase;
			buildActionMask = 2147483647;
			files = (
				B8B861DF20627AF900233383 /* SimpleLoaderUITests.swift in Sources */,
			);
			runOnlyForDeploymentPostprocessing = 0;
		};
/* End PBXSourcesBuildPhase section */

/* Begin PBXTargetDependency section */
		B8B861D120627AF900233383 /* PBXTargetDependency */ = {
			isa = PBXTargetDependency;
			target = B8B861B720627AF900233383 /* SimpleLoader */;
			targetProxy = B8B861D020627AF900233383 /* PBXContainerItemProxy */;
		};
		B8B861DC20627AF900233383 /* PBXTargetDependency */ = {
			isa = PBXTargetDependency;
			target = B8B861B720627AF900233383 /* SimpleLoader */;
			targetProxy = B8B861DB20627AF900233383 /* PBXContainerItemProxy */;
		};
/* End PBXTargetDependency section */

/* Begin PBXVariantGroup section */
		B8B861C720627AF900233383 /* LaunchScreen.storyboard */ = {
			isa = PBXVariantGroup;
			children = (
				B8B861C820627AF900233383 /* Base */,
			);
			name = LaunchScreen.storyboard;
			sourceTree = "<group>";
		};
/* End PBXVariantGroup section */

/* Begin XCBuildConfiguration section */
		B8B861E120627AF900233383 /* Debug */ = {
			isa = XCBuildConfiguration;
			buildSettings = {
				ALWAYS_SEARCH_USER_PATHS = NO;
				CLANG_ANALYZER_NONNULL = YES;
				CLANG_ANALYZER_NUMBER_OBJECT_CONVERSION = YES_AGGRESSIVE;
				CLANG_CXX_LANGUAGE_STANDARD = "gnu++14";
				CLANG_CXX_LIBRARY = "libc++";
				CLANG_ENABLE_MODULES = YES;
				CLANG_ENABLE_OBJC_ARC = YES;
				CLANG_WARN_BLOCK_CAPTURE_AUTORELEASING = YES;
				CLANG_WARN_BOOL_CONVERSION = YES;
				CLANG_WARN_COMMA = YES;
				CLANG_WARN_CONSTANT_CONVERSION = YES;
				CLANG_WARN_DIRECT_OBJC_ISA_USAGE = YES_ERROR;
				CLANG_WARN_DOCUMENTATION_COMMENTS = YES;
				CLANG_WARN_EMPTY_BODY = YES;
				CLANG_WARN_ENUM_CONVERSION = YES;
				CLANG_WARN_INFINITE_RECURSION = YES;
				CLANG_WARN_INT_CONVERSION = YES;
				CLANG_WARN_NON_LITERAL_NULL_CONVERSION = YES;
				CLANG_WARN_OBJC_LITERAL_CONVERSION = YES;
				CLANG_WARN_OBJC_ROOT_CLASS = YES_ERROR;
				CLANG_WARN_RANGE_LOOP_ANALYSIS = YES;
				CLANG_WARN_STRICT_PROTOTYPES = YES;
				CLANG_WARN_SUSPICIOUS_MOVE = YES;
				CLANG_WARN_UNGUARDED_AVAILABILITY = YES_AGGRESSIVE;
				CLANG_WARN_UNREACHABLE_CODE = YES;
				CLANG_WARN__DUPLICATE_METHOD_MATCH = YES;
				CODE_SIGN_IDENTITY = "iPhone Developer";
				COPY_PHASE_STRIP = NO;
				DEBUG_INFORMATION_FORMAT = dwarf;
				ENABLE_STRICT_OBJC_MSGSEND = YES;
				ENABLE_TESTABILITY = YES;
				GCC_C_LANGUAGE_STANDARD = gnu11;
				GCC_DYNAMIC_NO_PIC = NO;
				GCC_NO_COMMON_BLOCKS = YES;
				GCC_OPTIMIZATION_LEVEL = 0;
				GCC_PREPROCESSOR_DEFINITIONS = (
					"DEBUG=1",
					"$(inherited)",
				);
				GCC_WARN_64_TO_32_BIT_CONVERSION = YES;
				GCC_WARN_ABOUT_RETURN_TYPE = YES_ERROR;
				GCC_WARN_UNDECLARED_SELECTOR = YES;
				GCC_WARN_UNINITIALIZED_AUTOS = YES_AGGRESSIVE;
				GCC_WARN_UNUSED_FUNCTION = YES;
				GCC_WARN_UNUSED_VARIABLE = YES;
				IPHONEOS_DEPLOYMENT_TARGET = 11.2;
				MTL_ENABLE_DEBUG_INFO = YES;
				ONLY_ACTIVE_ARCH = YES;
				SDKROOT = iphoneos;
				SWIFT_ACTIVE_COMPILATION_CONDITIONS = DEBUG;
				SWIFT_OPTIMIZATION_LEVEL = "-Onone";
			};
			name = Debug;
		};
		B8B861E220627AF900233383 /* Release */ = {
			isa = XCBuildConfiguration;
			buildSettings = {
				ALWAYS_SEARCH_USER_PATHS = NO;
				CLANG_ANALYZER_NONNULL = YES;
				CLANG_ANALYZER_NUMBER_OBJECT_CONVERSION = YES_AGGRESSIVE;
				CLANG_CXX_LANGUAGE_STANDARD = "gnu++14";
				CLANG_CXX_LIBRARY = "libc++";
				CLANG_ENABLE_MODULES = YES;
				CLANG_ENABLE_OBJC_ARC = YES;
				CLANG_WARN_BLOCK_CAPTURE_AUTORELEASING = YES;
				CLANG_WARN_BOOL_CONVERSION = YES;
				CLANG_WARN_COMMA = YES;
				CLANG_WARN_CONSTANT_CONVERSION = YES;
				CLANG_WARN_DIRECT_OBJC_ISA_USAGE = YES_ERROR;
				CLANG_WARN_DOCUMENTATION_COMMENTS = YES;
				CLANG_WARN_EMPTY_BODY = YES;
				CLANG_WARN_ENUM_CONVERSION = YES;
				CLANG_WARN_INFINITE_RECURSION = YES;
				CLANG_WARN_INT_CONVERSION = YES;
				CLANG_WARN_NON_LITERAL_NULL_CONVERSION = YES;
				CLANG_WARN_OBJC_LITERAL_CONVERSION = YES;
				CLANG_WARN_OBJC_ROOT_CLASS = YES_ERROR;
				CLANG_WARN_RANGE_LOOP_ANALYSIS = YES;
				CLANG_WARN_STRICT_PROTOTYPES = YES;
				CLANG_WARN_SUSPICIOUS_MOVE = YES;
				CLANG_WARN_UNGUARDED_AVAILABILITY = YES_AGGRESSIVE;
				CLANG_WARN_UNREACHABLE_CODE = YES;
				CLANG_WARN__DUPLICATE_METHOD_MATCH = YES;
				CODE_SIGN_IDENTITY = "iPhone Developer";
				COPY_PHASE_STRIP = NO;
				DEBUG_INFORMATION_FORMAT = "dwarf-with-dsym";
				ENABLE_NS_ASSERTIONS = NO;
				ENABLE_STRICT_OBJC_MSGSEND = YES;
				GCC_C_LANGUAGE_STANDARD = gnu11;
				GCC_NO_COMMON_BLOCKS = YES;
				GCC_WARN_64_TO_32_BIT_CONVERSION = YES;
				GCC_WARN_ABOUT_RETURN_TYPE = YES_ERROR;
				GCC_WARN_UNDECLARED_SELECTOR = YES;
				GCC_WARN_UNINITIALIZED_AUTOS = YES_AGGRESSIVE;
				GCC_WARN_UNUSED_FUNCTION = YES;
				GCC_WARN_UNUSED_VARIABLE = YES;
				IPHONEOS_DEPLOYMENT_TARGET = 11.2;
				MTL_ENABLE_DEBUG_INFO = NO;
				SDKROOT = iphoneos;
				SWIFT_OPTIMIZATION_LEVEL = "-Owholemodule";
				VALIDATE_PRODUCT = YES;
			};
			name = Release;
		};
		B8B861E420627AF900233383 /* Debug */ = {
			isa = XCBuildConfiguration;
			buildSettings = {
				ASSETCATALOG_COMPILER_APPICON_NAME = AppIcon;
				CODE_SIGN_STYLE = Automatic;
				INFOPLIST_FILE = SimpleLoader/Info.plist;
				LD_RUNPATH_SEARCH_PATHS = "$(inherited) @executable_path/Frameworks";
				PRODUCT_BUNDLE_IDENTIFIER = com.jayantagogoi.SimpleLoader;
				PRODUCT_NAME = "$(TARGET_NAME)";
				SWIFT_VERSION = 4.0;
				TARGETED_DEVICE_FAMILY = "1,2";
			};
			name = Debug;
		};
		B8B861E520627AF900233383 /* Release */ = {
			isa = XCBuildConfiguration;
			buildSettings = {
				ASSETCATALOG_COMPILER_APPICON_NAME = AppIcon;
				CODE_SIGN_STYLE = Automatic;
				INFOPLIST_FILE = SimpleLoader/Info.plist;
				LD_RUNPATH_SEARCH_PATHS = "$(inherited) @executable_path/Frameworks";
				PRODUCT_BUNDLE_IDENTIFIER = com.jayantagogoi.SimpleLoader;
				PRODUCT_NAME = "$(TARGET_NAME)";
				SWIFT_VERSION = 4.0;
				TARGETED_DEVICE_FAMILY = "1,2";
			};
			name = Release;
		};
		B8B861E720627AF900233383 /* Debug */ = {
			isa = XCBuildConfiguration;
			buildSettings = {
				ALWAYS_EMBED_SWIFT_STANDARD_LIBRARIES = YES;
				BUNDLE_LOADER = "$(TEST_HOST)";
				CODE_SIGN_STYLE = Automatic;
				INFOPLIST_FILE = SimpleLoaderTests/Info.plist;
				LD_RUNPATH_SEARCH_PATHS = "$(inherited) @executable_path/Frameworks @loader_path/Frameworks";
				PRODUCT_BUNDLE_IDENTIFIER = com.jayantagogoi.SimpleLoaderTests;
				PRODUCT_NAME = "$(TARGET_NAME)";
				SWIFT_VERSION = 4.0;
				TARGETED_DEVICE_FAMILY = "1,2";
				TEST_HOST = "$(BUILT_PRODUCTS_DIR)/SimpleLoader.app/SimpleLoader";
			};
			name = Debug;
		};
		B8B861E820627AF900233383 /* Release */ = {
			isa = XCBuildConfiguration;
			buildSettings = {
				ALWAYS_EMBED_SWIFT_STANDARD_LIBRARIES = YES;
				BUNDLE_LOADER = "$(TEST_HOST)";
				CODE_SIGN_STYLE = Automatic;
				INFOPLIST_FILE = SimpleLoaderTests/Info.plist;
				LD_RUNPATH_SEARCH_PATHS = "$(inherited) @executable_path/Frameworks @loader_path/Frameworks";
				PRODUCT_BUNDLE_IDENTIFIER = com.jayantagogoi.SimpleLoaderTests;
				PRODUCT_NAME = "$(TARGET_NAME)";
				SWIFT_VERSION = 4.0;
				TARGETED_DEVICE_FAMILY = "1,2";
				TEST_HOST = "$(BUILT_PRODUCTS_DIR)/SimpleLoader.app/SimpleLoader";
			};
			name = Release;
		};
		B8B861EA20627AF900233383 /* Debug */ = {
			isa = XCBuildConfiguration;
			buildSettings = {
				ALWAYS_EMBED_SWIFT_STANDARD_LIBRARIES = YES;
				CODE_SIGN_STYLE = Automatic;
				INFOPLIST_FILE = SimpleLoaderUITests/Info.plist;
				LD_RUNPATH_SEARCH_PATHS = "$(inherited) @executable_path/Frameworks @loader_path/Frameworks";
				PRODUCT_BUNDLE_IDENTIFIER = com.jayantagogoi.SimpleLoaderUITests;
				PRODUCT_NAME = "$(TARGET_NAME)";
				SWIFT_VERSION = 4.0;
				TARGETED_DEVICE_FAMILY = "1,2";
				TEST_TARGET_NAME = SimpleLoader;
			};
			name = Debug;
		};
		B8B861EB20627AF900233383 /* Release */ = {
			isa = XCBuildConfiguration;
			buildSettings = {
				ALWAYS_EMBED_SWIFT_STANDARD_LIBRARIES = YES;
				CODE_SIGN_STYLE = Automatic;
				INFOPLIST_FILE = SimpleLoaderUITests/Info.plist;
				LD_RUNPATH_SEARCH_PATHS = "$(inherited) @executable_path/Frameworks @loader_path/Frameworks";
				PRODUCT_BUNDLE_IDENTIFIER = com.jayantagogoi.SimpleLoaderUITests;
				PRODUCT_NAME = "$(TARGET_NAME)";
				SWIFT_VERSION = 4.0;
				TARGETED_DEVICE_FAMILY = "1,2";
				TEST_TARGET_NAME = SimpleLoader;
			};
			name = Release;
		};
/* End XCBuildConfiguration section */

/* Begin XCConfigurationList section */
		B8B861B320627AF900233383 /* Build configuration list for PBXProject "SimpleLoader" */ = {
			isa = XCConfigurationList;
			buildConfigurations = (
				B8B861E120627AF900233383 /* Debug */,
				B8B861E220627AF900233383 /* Release */,
			);
			defaultConfigurationIsVisible = 0;
			defaultConfigurationName = Release;
		};
		B8B861E320627AF900233383 /* Build configuration list for PBXNativeTarget "SimpleLoader" */ = {
			isa = XCConfigurationList;
			buildConfigurations = (
				B8B861E420627AF900233383 /* Debug */,
				B8B861E520627AF900233383 /* Release */,
			);
			defaultConfigurationIsVisible = 0;
			defaultConfigurationName = Release;
		};
		B8B861E620627AF900233383 /* Build configuration list for PBXNativeTarget "SimpleLoaderTests" */ = {
			isa = XCConfigurationList;
			buildConfigurations = (
				B8B861E720627AF900233383 /* Debug */,
				B8B861E820627AF900233383 /* Release */,
			);
			defaultConfigurationIsVisible = 0;
			defaultConfigurationName = Release;
		};
		B8B861E920627AF900233383 /* Build configuration list for PBXNativeTarget "SimpleLoaderUITests" */ = {
			isa = XCConfigurationList;
			buildConfigurations = (
				B8B861EA20627AF900233383 /* Debug */,
				B8B861EB20627AF900233383 /* Release */,
			);
			defaultConfigurationIsVisible = 0;
			defaultConfigurationName = Release;
		};
/* End XCConfigurationList section */

/* Begin XCVersionGroup section */
		B8B861C220627AF900233383 /* SimpleLoader.xcdatamodeld */ = {
			isa = XCVersionGroup;
			children = (
				B8B861C320627AF900233383 /* SimpleLoader.xcdatamodel */,
			);
			currentVersion = B8B861C320627AF900233383 /* SimpleLoader.xcdatamodel */;
			path = SimpleLoader.xcdatamodeld;
			sourceTree = "<group>";
			versionGroupType = wrapper.xcdatamodel;
		};
/* End XCVersionGroup section */
	};
	rootObject = B8B861B020627AF900233383 /* Project object */;
}
